
Microsoft Visual Studio Solution File, Format Version 12.00
# Visual Studio Version 16
VisualStudioVersion = 16.0.34729.46
MinimumVisualStudioVersion = 10.0.40219.1
Project("{FAE04EC0-301F-11D3-BF4B-00C04F79EFBC}") = "Sudoku_pro", "Sudoku_pro\Sudoku_pro.csproj", "{64C513AF-019C-4332-8647-A9F9893A8EBA}"
EndProject
Global
	GlobalSection(SolutionConfigurationPlatforms) = preSolution
		Debug|Any CPU = Debug|Any CPU
		Release|Any CPU = Release|Any CPU
	EndGlobalSection
	GlobalSection(ProjectConfigurationPlatforms) = postSolution
		{64C513AF-019C-4332-8647-A9F9893A8EBA}.Debug|Any CPU.ActiveCfg = Debug|Any CPU
		{64C513AF-019C-4332-8647-A9F9893A8EBA}.Debug|Any CPU.Build.0 = Debug|Any CPU
		{64C513AF-019C-4332-8647-A9F9893A8EBA}.Release|Any CPU.ActiveCfg = Release|Any CPU
		{64C513AF-019C-4332-8647-A9F9893A8EBA}.Release|Any CPU.Build.0 = Release|Any CPU
	EndGlobalSection
	GlobalSection(SolutionProperties) = preSolution
		HideSolutionNode = FALSE
	EndGlobalSection
	GlobalSection(ExtensibilityGlobals) = postSolution
		SolutionGuid = {40240EC5-DB43-4F71-9984-1AD206AFCA82}
	EndGlobalSection
EndGlobal
